// !$*UTF8*$!
{
	archiveVersion = 1;
	classes = {
	};
	objectVersion = 46;
	objects = {

/* Begin PBXBuildFile section */
		130868311E6F928A0011C6F9 /* CreateGroupViewController.swift in Sources */ = {isa = PBXBuildFile; fileRef = 130868301E6F928A0011C6F9 /* CreateGroupViewController.swift */; };
		130868331E6F92F20011C6F9 /* CreateGroup.storyboard in Resources */ = {isa = PBXBuildFile; fileRef = 130868321E6F92F20011C6F9 /* CreateGroup.storyboard */; };
		130868351E6F97100011C6F9 /* GroupListViewController.swift in Sources */ = {isa = PBXBuildFile; fileRef = 130868341E6F97100011C6F9 /* GroupListViewController.swift */; };
		130868371E6F97390011C6F9 /* GroupInfoViewController.swift in Sources */ = {isa = PBXBuildFile; fileRef = 130868361E6F97390011C6F9 /* GroupInfoViewController.swift */; };
		130868391E6F97A00011C6F9 /* GroupNameTableViewCell.swift in Sources */ = {isa = PBXBuildFile; fileRef = 130868381E6F97A00011C6F9 /* GroupNameTableViewCell.swift */; };
		1308683C1E6F9B060011C6F9 /* GroupListAndInfo.storyboard in Resources */ = {isa = PBXBuildFile; fileRef = 1308683B1E6F9B060011C6F9 /* GroupListAndInfo.storyboard */; };
		134C1D681E6F89500022A61E /* JoinGroupViewController.swift in Sources */ = {isa = PBXBuildFile; fileRef = 134C1D671E6F89500022A61E /* JoinGroupViewController.swift */; };
		134C1D6A1E6F89890022A61E /* JoinGroup.storyboard in Resources */ = {isa = PBXBuildFile; fileRef = 134C1D691E6F89890022A61E /* JoinGroup.storyboard */; };
		311F96C01EB11E2500C8C7CD /* viewRide.storyboard in Resources */ = {isa = PBXBuildFile; fileRef = 311F96BF1EB11E2500C8C7CD /* viewRide.storyboard */; };
		311F96C21EB11E2B00C8C7CD /* viewStatusViewController.swift in Sources */ = {isa = PBXBuildFile; fileRef = 311F96C11EB11E2B00C8C7CD /* viewStatusViewController.swift */; };
		31C5FDC91E82BC500021B003 /* LocationService.swift in Sources */ = {isa = PBXBuildFile; fileRef = 31C5FDC81E82BC500021B003 /* LocationService.swift */; };
		3931ADC71E81EB2400EE0F44 /* DriverScreens.storyboard in Resources */ = {isa = PBXBuildFile; fileRef = 3931ADC61E81EB2400EE0F44 /* DriverScreens.storyboard */; };
		3953D9141E81F33D0023372E /* RiderInfoViewController.swift in Sources */ = {isa = PBXBuildFile; fileRef = 3953D9131E81F33D0023372E /* RiderInfoViewController.swift */; };
		398166DB1E7FB54B00E87F6E /* CreateEventViewController.swift in Sources */ = {isa = PBXBuildFile; fileRef = 398166DA1E7FB54B00E87F6E /* CreateEventViewController.swift */; };
		398166DD1E7FD5CD00E87F6E /* CreateEventFormViewController.swift in Sources */ = {isa = PBXBuildFile; fileRef = 398166DC1E7FD5CD00E87F6E /* CreateEventFormViewController.swift */; };
		398166DF1E80823300E87F6E /* SetDateAndTimeViewController.swift in Sources */ = {isa = PBXBuildFile; fileRef = 398166DE1E80823300E87F6E /* SetDateAndTimeViewController.swift */; };
		398166E11E80D0DA00E87F6E /* SelectDriverTableViewController.swift in Sources */ = {isa = PBXBuildFile; fileRef = 398166E01E80D0DA00E87F6E /* SelectDriverTableViewController.swift */; };
		3F3832D41E563C6D005E1B3D /* AppDelegate.swift in Sources */ = {isa = PBXBuildFile; fileRef = 3F3832D31E563C6D005E1B3D /* AppDelegate.swift */; };
		3F3832D91E563C6D005E1B3D /* Main.storyboard in Resources */ = {isa = PBXBuildFile; fileRef = 3F3832D71E563C6D005E1B3D /* Main.storyboard */; };
		3F3832DB1E563C6D005E1B3D /* Assets.xcassets in Resources */ = {isa = PBXBuildFile; fileRef = 3F3832DA1E563C6D005E1B3D /* Assets.xcassets */; };
		3F3832DE1E563C6D005E1B3D /* LaunchScreen.storyboard in Resources */ = {isa = PBXBuildFile; fileRef = 3F3832DC1E563C6D005E1B3D /* LaunchScreen.storyboard */; };
		3F3832E91E563C6E005E1B3D /* DDDispatcherTests.swift in Sources */ = {isa = PBXBuildFile; fileRef = 3F3832E81E563C6E005E1B3D /* DDDispatcherTests.swift */; };
		3F3832F41E563C6E005E1B3D /* DDDispatcherUITests.swift in Sources */ = {isa = PBXBuildFile; fileRef = 3F3832F31E563C6E005E1B3D /* DDDispatcherUITests.swift */; };
		3F3833031E563E73005E1B3D /* GoogleService-Info.plist in Resources */ = {isa = PBXBuildFile; fileRef = 3F3833021E563E73005E1B3D /* GoogleService-Info.plist */; };
		6505CF2F1EF430A87E7DEA39 /* Pods_DDDispatcherTests.framework in Frameworks */ = {isa = PBXBuildFile; fileRef = 49BE5BADE2763B6D00B3E1B1 /* Pods_DDDispatcherTests.framework */; };
		A441736FC7E7BA20607F364F /* Pods_DDDispatcherUITests.framework in Frameworks */ = {isa = PBXBuildFile; fileRef = 015394A914135CF84E35DA8E /* Pods_DDDispatcherUITests.framework */; };
		B73EC9B41E9C5A4100DB4FBB /* CreateEvent.storyboard in Resources */ = {isa = PBXBuildFile; fileRef = B73EC9B31E9C5A4100DB4FBB /* CreateEvent.storyboard */; };
		B81BBC251E673C7000DB7D3B /* Style.swift in Sources */ = {isa = PBXBuildFile; fileRef = B81BBC241E673C7000DB7D3B /* Style.swift */; };
		B820AA1E1E67A187008FBA91 /* DataService.swift in Sources */ = {isa = PBXBuildFile; fileRef = B820AA1D1E67A187008FBA91 /* DataService.swift */; };
		B82612D81E77118600A39DFC /* CustomSideMenuController.swift in Sources */ = {isa = PBXBuildFile; fileRef = B82612D71E77118600A39DFC /* CustomSideMenuController.swift */; };
		B82612DB1E774EB100A39DFC /* CustomTableViewCell.swift in Sources */ = {isa = PBXBuildFile; fileRef = B82612DA1E774EB100A39DFC /* CustomTableViewCell.swift */; };
		B8288A261E97F4AA007D1DAD /* Cache.plist in Resources */ = {isa = PBXBuildFile; fileRef = B8288A251E97F4AA007D1DAD /* Cache.plist */; };
		B829EA331E7F67B8007213D5 /* RideConfirmationViewController.swift in Sources */ = {isa = PBXBuildFile; fileRef = B829EA321E7F67B8007213D5 /* RideConfirmationViewController.swift */; };
		B84A43141E76DAAD00A11D07 /* MenuViewController.swift in Sources */ = {isa = PBXBuildFile; fileRef = B84A43131E76DAAD00A11D07 /* MenuViewController.swift */; };
		B84A43181E76DB1B00A11D07 /* Hub.storyboard in Resources */ = {isa = PBXBuildFile; fileRef = B84A43171E76DB1B00A11D07 /* Hub.storyboard */; };
		B872F5621E789E9F00566704 /* Cache.swift in Sources */ = {isa = PBXBuildFile; fileRef = B872F5611E789E9F00566704 /* Cache.swift */; };
		B872F56A1E7CA16400566704 /* CoreLocation.framework in Frameworks */ = {isa = PBXBuildFile; fileRef = B872F5691E7CA16300566704 /* CoreLocation.framework */; };
		B8B0E0A01E59206800A7339B /* HubViewController.swift in Sources */ = {isa = PBXBuildFile; fileRef = B8B0E09F1E59206800A7339B /* HubViewController.swift */; };
		B8CFE6FE1E58BE2200F2E10F /* MainViewController.swift in Sources */ = {isa = PBXBuildFile; fileRef = B8CFE6FD1E58BE2200F2E10F /* MainViewController.swift */; };
		B8CFE7021E590BB700F2E10F /* ExtraInfoViewController.swift in Sources */ = {isa = PBXBuildFile; fileRef = B8CFE7011E590BB700F2E10F /* ExtraInfoViewController.swift */; };
		DEFFD125797971AA675CC968 /* Pods_DDDispatcher.framework in Frameworks */ = {isa = PBXBuildFile; fileRef = 5F9467B053EA932CF671E5B6 /* Pods_DDDispatcher.framework */; };
/* End PBXBuildFile section */

/* Begin PBXContainerItemProxy section */
		3F3832E51E563C6E005E1B3D /* PBXContainerItemProxy */ = {
			isa = PBXContainerItemProxy;
			containerPortal = 3F3832C81E563C6D005E1B3D /* Project object */;
			proxyType = 1;
			remoteGlobalIDString = 3F3832CF1E563C6D005E1B3D;
			remoteInfo = DDDispatcher;
		};
		3F3832F01E563C6E005E1B3D /* PBXContainerItemProxy */ = {
			isa = PBXContainerItemProxy;
			containerPortal = 3F3832C81E563C6D005E1B3D /* Project object */;
			proxyType = 1;
			remoteGlobalIDString = 3F3832CF1E563C6D005E1B3D;
			remoteInfo = DDDispatcher;
		};
/* End PBXContainerItemProxy section */

/* Begin PBXFileReference section */
		015394A914135CF84E35DA8E /* Pods_DDDispatcherUITests.framework */ = {isa = PBXFileReference; explicitFileType = wrapper.framework; includeInIndex = 0; path = Pods_DDDispatcherUITests.framework; sourceTree = BUILT_PRODUCTS_DIR; };
		0FD7B7EB9AC7F3AACD8B084F /* Pods-DDDispatcherUITests.debug.xcconfig */ = {isa = PBXFileReference; includeInIndex = 1; lastKnownFileType = text.xcconfig; name = "Pods-DDDispatcherUITests.debug.xcconfig"; path = "Pods/Target Support Files/Pods-DDDispatcherUITests/Pods-DDDispatcherUITests.debug.xcconfig"; sourceTree = "<group>"; };
		130868301E6F928A0011C6F9 /* CreateGroupViewController.swift */ = {isa = PBXFileReference; fileEncoding = 4; lastKnownFileType = sourcecode.swift; path = CreateGroupViewController.swift; sourceTree = "<group>"; };
		130868321E6F92F20011C6F9 /* CreateGroup.storyboard */ = {isa = PBXFileReference; fileEncoding = 4; lastKnownFileType = file.storyboard; path = CreateGroup.storyboard; sourceTree = "<group>"; };
		130868341E6F97100011C6F9 /* GroupListViewController.swift */ = {isa = PBXFileReference; fileEncoding = 4; lastKnownFileType = sourcecode.swift; path = GroupListViewController.swift; sourceTree = "<group>"; };
		130868361E6F97390011C6F9 /* GroupInfoViewController.swift */ = {isa = PBXFileReference; fileEncoding = 4; lastKnownFileType = sourcecode.swift; path = GroupInfoViewController.swift; sourceTree = "<group>"; };
		130868381E6F97A00011C6F9 /* GroupNameTableViewCell.swift */ = {isa = PBXFileReference; fileEncoding = 4; lastKnownFileType = sourcecode.swift; path = GroupNameTableViewCell.swift; sourceTree = "<group>"; };
		1308683B1E6F9B060011C6F9 /* GroupListAndInfo.storyboard */ = {isa = PBXFileReference; fileEncoding = 4; lastKnownFileType = file.storyboard; path = GroupListAndInfo.storyboard; sourceTree = "<group>"; };
		134C1D671E6F89500022A61E /* JoinGroupViewController.swift */ = {isa = PBXFileReference; fileEncoding = 4; lastKnownFileType = sourcecode.swift; path = JoinGroupViewController.swift; sourceTree = "<group>"; };
		134C1D691E6F89890022A61E /* JoinGroup.storyboard */ = {isa = PBXFileReference; fileEncoding = 4; lastKnownFileType = file.storyboard; path = JoinGroup.storyboard; sourceTree = "<group>"; };
		1F094A9A3A6880D5B608836E /* Pods-DDDispatcherUITests.release.xcconfig */ = {isa = PBXFileReference; includeInIndex = 1; lastKnownFileType = text.xcconfig; name = "Pods-DDDispatcherUITests.release.xcconfig"; path = "Pods/Target Support Files/Pods-DDDispatcherUITests/Pods-DDDispatcherUITests.release.xcconfig"; sourceTree = "<group>"; };
		311F96BF1EB11E2500C8C7CD /* viewRide.storyboard */ = {isa = PBXFileReference; fileEncoding = 4; lastKnownFileType = file.storyboard; path = viewRide.storyboard; sourceTree = "<group>"; };
		311F96C11EB11E2B00C8C7CD /* viewStatusViewController.swift */ = {isa = PBXFileReference; fileEncoding = 4; lastKnownFileType = sourcecode.swift; path = viewStatusViewController.swift; sourceTree = "<group>"; };
		31C5FDC81E82BC500021B003 /* LocationService.swift */ = {isa = PBXFileReference; fileEncoding = 4; lastKnownFileType = sourcecode.swift; path = LocationService.swift; sourceTree = "<group>"; };
		3931ADC61E81EB2400EE0F44 /* DriverScreens.storyboard */ = {isa = PBXFileReference; fileEncoding = 4; lastKnownFileType = file.storyboard; path = DriverScreens.storyboard; sourceTree = "<group>"; };
		3953D9131E81F33D0023372E /* RiderInfoViewController.swift */ = {isa = PBXFileReference; fileEncoding = 4; lastKnownFileType = sourcecode.swift; path = RiderInfoViewController.swift; sourceTree = "<group>"; };
		398166DA1E7FB54B00E87F6E /* CreateEventViewController.swift */ = {isa = PBXFileReference; fileEncoding = 4; lastKnownFileType = sourcecode.swift; path = CreateEventViewController.swift; sourceTree = "<group>"; };
		398166DC1E7FD5CD00E87F6E /* CreateEventFormViewController.swift */ = {isa = PBXFileReference; fileEncoding = 4; lastKnownFileType = sourcecode.swift; path = CreateEventFormViewController.swift; sourceTree = "<group>"; };
		398166DE1E80823300E87F6E /* SetDateAndTimeViewController.swift */ = {isa = PBXFileReference; fileEncoding = 4; lastKnownFileType = sourcecode.swift; path = SetDateAndTimeViewController.swift; sourceTree = "<group>"; };
		398166E01E80D0DA00E87F6E /* SelectDriverTableViewController.swift */ = {isa = PBXFileReference; fileEncoding = 4; lastKnownFileType = sourcecode.swift; path = SelectDriverTableViewController.swift; sourceTree = "<group>"; };
		3F3832D01E563C6D005E1B3D /* DDDispatcher.app */ = {isa = PBXFileReference; explicitFileType = wrapper.application; includeInIndex = 0; path = DDDispatcher.app; sourceTree = BUILT_PRODUCTS_DIR; };
		3F3832D31E563C6D005E1B3D /* AppDelegate.swift */ = {isa = PBXFileReference; lastKnownFileType = sourcecode.swift; path = AppDelegate.swift; sourceTree = "<group>"; };
		3F3832D81E563C6D005E1B3D /* Base */ = {isa = PBXFileReference; lastKnownFileType = file.storyboard; name = Base; path = Base.lproj/Main.storyboard; sourceTree = "<group>"; };
		3F3832DA1E563C6D005E1B3D /* Assets.xcassets */ = {isa = PBXFileReference; lastKnownFileType = folder.assetcatalog; path = Assets.xcassets; sourceTree = "<group>"; };
		3F3832DD1E563C6D005E1B3D /* Base */ = {isa = PBXFileReference; lastKnownFileType = file.storyboard; name = Base; path = Base.lproj/LaunchScreen.storyboard; sourceTree = "<group>"; };
		3F3832DF1E563C6D005E1B3D /* Info.plist */ = {isa = PBXFileReference; lastKnownFileType = text.plist.xml; path = Info.plist; sourceTree = "<group>"; };
		3F3832E41E563C6E005E1B3D /* DDDispatcherTests.xctest */ = {isa = PBXFileReference; explicitFileType = wrapper.cfbundle; includeInIndex = 0; path = DDDispatcherTests.xctest; sourceTree = BUILT_PRODUCTS_DIR; };
		3F3832E81E563C6E005E1B3D /* DDDispatcherTests.swift */ = {isa = PBXFileReference; lastKnownFileType = sourcecode.swift; path = DDDispatcherTests.swift; sourceTree = "<group>"; };
		3F3832EA1E563C6E005E1B3D /* Info.plist */ = {isa = PBXFileReference; lastKnownFileType = text.plist.xml; path = Info.plist; sourceTree = "<group>"; };
		3F3832EF1E563C6E005E1B3D /* DDDispatcherUITests.xctest */ = {isa = PBXFileReference; explicitFileType = wrapper.cfbundle; includeInIndex = 0; path = DDDispatcherUITests.xctest; sourceTree = BUILT_PRODUCTS_DIR; };
		3F3832F31E563C6E005E1B3D /* DDDispatcherUITests.swift */ = {isa = PBXFileReference; lastKnownFileType = sourcecode.swift; path = DDDispatcherUITests.swift; sourceTree = "<group>"; };
		3F3832F51E563C6E005E1B3D /* Info.plist */ = {isa = PBXFileReference; lastKnownFileType = text.plist.xml; path = Info.plist; sourceTree = "<group>"; };
		3F3833021E563E73005E1B3D /* GoogleService-Info.plist */ = {isa = PBXFileReference; fileEncoding = 4; lastKnownFileType = text.plist.xml; path = "GoogleService-Info.plist"; sourceTree = "<group>"; };
		49BE5BADE2763B6D00B3E1B1 /* Pods_DDDispatcherTests.framework */ = {isa = PBXFileReference; explicitFileType = wrapper.framework; includeInIndex = 0; path = Pods_DDDispatcherTests.framework; sourceTree = BUILT_PRODUCTS_DIR; };
		5C7F224A1FC364DF2331B029 /* Pods-DDDispatcherTests.debug.xcconfig */ = {isa = PBXFileReference; includeInIndex = 1; lastKnownFileType = text.xcconfig; name = "Pods-DDDispatcherTests.debug.xcconfig"; path = "Pods/Target Support Files/Pods-DDDispatcherTests/Pods-DDDispatcherTests.debug.xcconfig"; sourceTree = "<group>"; };
		5F9467B053EA932CF671E5B6 /* Pods_DDDispatcher.framework */ = {isa = PBXFileReference; explicitFileType = wrapper.framework; includeInIndex = 0; path = Pods_DDDispatcher.framework; sourceTree = BUILT_PRODUCTS_DIR; };
		7B4850144023DE1CDE5EEEAE /* Pods-DDDispatcherTests.release.xcconfig */ = {isa = PBXFileReference; includeInIndex = 1; lastKnownFileType = text.xcconfig; name = "Pods-DDDispatcherTests.release.xcconfig"; path = "Pods/Target Support Files/Pods-DDDispatcherTests/Pods-DDDispatcherTests.release.xcconfig"; sourceTree = "<group>"; };
		80E488A980ED7217C4B57765 /* Pods-DDDispatcher.release.xcconfig */ = {isa = PBXFileReference; includeInIndex = 1; lastKnownFileType = text.xcconfig; name = "Pods-DDDispatcher.release.xcconfig"; path = "Pods/Target Support Files/Pods-DDDispatcher/Pods-DDDispatcher.release.xcconfig"; sourceTree = "<group>"; };
		B73EC9B31E9C5A4100DB4FBB /* CreateEvent.storyboard */ = {isa = PBXFileReference; fileEncoding = 4; lastKnownFileType = file.storyboard; path = CreateEvent.storyboard; sourceTree = "<group>"; };
		B81BBC241E673C7000DB7D3B /* Style.swift */ = {isa = PBXFileReference; fileEncoding = 4; lastKnownFileType = sourcecode.swift; path = Style.swift; sourceTree = "<group>"; };
		B820AA1D1E67A187008FBA91 /* DataService.swift */ = {isa = PBXFileReference; fileEncoding = 4; lastKnownFileType = sourcecode.swift; path = DataService.swift; sourceTree = "<group>"; };
		B82612D71E77118600A39DFC /* CustomSideMenuController.swift */ = {isa = PBXFileReference; fileEncoding = 4; lastKnownFileType = sourcecode.swift; path = CustomSideMenuController.swift; sourceTree = "<group>"; };
		B82612DA1E774EB100A39DFC /* CustomTableViewCell.swift */ = {isa = PBXFileReference; fileEncoding = 4; lastKnownFileType = sourcecode.swift; path = CustomTableViewCell.swift; sourceTree = "<group>"; };
		B8288A251E97F4AA007D1DAD /* Cache.plist */ = {isa = PBXFileReference; fileEncoding = 4; lastKnownFileType = text.plist.xml; path = Cache.plist; sourceTree = "<group>"; };
		B829EA321E7F67B8007213D5 /* RideConfirmationViewController.swift */ = {isa = PBXFileReference; fileEncoding = 4; lastKnownFileType = sourcecode.swift; path = RideConfirmationViewController.swift; sourceTree = "<group>"; };
		B84A43131E76DAAD00A11D07 /* MenuViewController.swift */ = {isa = PBXFileReference; fileEncoding = 4; lastKnownFileType = sourcecode.swift; path = MenuViewController.swift; sourceTree = "<group>"; };
		B84A43171E76DB1B00A11D07 /* Hub.storyboard */ = {isa = PBXFileReference; fileEncoding = 4; lastKnownFileType = file.storyboard; path = Hub.storyboard; sourceTree = "<group>"; };
		B872F5611E789E9F00566704 /* Cache.swift */ = {isa = PBXFileReference; fileEncoding = 4; lastKnownFileType = sourcecode.swift; path = Cache.swift; sourceTree = "<group>"; };
		B872F5691E7CA16300566704 /* CoreLocation.framework */ = {isa = PBXFileReference; lastKnownFileType = wrapper.framework; name = CoreLocation.framework; path = System/Library/Frameworks/CoreLocation.framework; sourceTree = SDKROOT; };
		B8B0E09F1E59206800A7339B /* HubViewController.swift */ = {isa = PBXFileReference; fileEncoding = 4; lastKnownFileType = sourcecode.swift; path = HubViewController.swift; sourceTree = "<group>"; };
		B8CFE6FD1E58BE2200F2E10F /* MainViewController.swift */ = {isa = PBXFileReference; fileEncoding = 4; lastKnownFileType = sourcecode.swift; path = MainViewController.swift; sourceTree = "<group>"; };
		B8CFE7011E590BB700F2E10F /* ExtraInfoViewController.swift */ = {isa = PBXFileReference; fileEncoding = 4; lastKnownFileType = sourcecode.swift; path = ExtraInfoViewController.swift; sourceTree = "<group>"; };
		E137003D8862DF865A8AE3F9 /* Pods-DDDispatcher.debug.xcconfig */ = {isa = PBXFileReference; includeInIndex = 1; lastKnownFileType = text.xcconfig; name = "Pods-DDDispatcher.debug.xcconfig"; path = "Pods/Target Support Files/Pods-DDDispatcher/Pods-DDDispatcher.debug.xcconfig"; sourceTree = "<group>"; };
/* End PBXFileReference section */

/* Begin PBXFrameworksBuildPhase section */
		3F3832CD1E563C6D005E1B3D /* Frameworks */ = {
			isa = PBXFrameworksBuildPhase;
			buildActionMask = 2147483647;
			files = (
				B872F56A1E7CA16400566704 /* CoreLocation.framework in Frameworks */,
				DEFFD125797971AA675CC968 /* Pods_DDDispatcher.framework in Frameworks */,
			);
			runOnlyForDeploymentPostprocessing = 0;
		};
		3F3832E11E563C6E005E1B3D /* Frameworks */ = {
			isa = PBXFrameworksBuildPhase;
			buildActionMask = 2147483647;
			files = (
				6505CF2F1EF430A87E7DEA39 /* Pods_DDDispatcherTests.framework in Frameworks */,
			);
			runOnlyForDeploymentPostprocessing = 0;
		};
		3F3832EC1E563C6E005E1B3D /* Frameworks */ = {
			isa = PBXFrameworksBuildPhase;
			buildActionMask = 2147483647;
			files = (
				A441736FC7E7BA20607F364F /* Pods_DDDispatcherUITests.framework in Frameworks */,
			);
			runOnlyForDeploymentPostprocessing = 0;
		};
/* End PBXFrameworksBuildPhase section */

/* Begin PBXGroup section */
		1308683A1E6F97D60011C6F9 /* GroupListControllers */ = {
			isa = PBXGroup;
			children = (
				130868341E6F97100011C6F9 /* GroupListViewController.swift */,
				130868361E6F97390011C6F9 /* GroupInfoViewController.swift */,
				130868381E6F97A00011C6F9 /* GroupNameTableViewCell.swift */,
			);
			name = GroupListControllers;
			sourceTree = "<group>";
		};
		134C1D6B1E6F8AE40022A61E /* Storyboards */ = {
			isa = PBXGroup;
			children = (
				311F96BF1EB11E2500C8C7CD /* viewRide.storyboard */,
				3F3832DC1E563C6D005E1B3D /* LaunchScreen.storyboard */,
				3F3832D71E563C6D005E1B3D /* Main.storyboard */,
				B84A43171E76DB1B00A11D07 /* Hub.storyboard */,
				B73EC9B31E9C5A4100DB4FBB /* CreateEvent.storyboard */,
				134C1D691E6F89890022A61E /* JoinGroup.storyboard */,
				130868321E6F92F20011C6F9 /* CreateGroup.storyboard */,
				1308683B1E6F9B060011C6F9 /* GroupListAndInfo.storyboard */,
				3931ADC61E81EB2400EE0F44 /* DriverScreens.storyboard */,
			);
			name = Storyboards;
			sourceTree = "<group>";
		};
		134C1D6C1E6F8AEF0022A61E /* Helpers */ = {
			isa = PBXGroup;
			children = (
				B820AA1D1E67A187008FBA91 /* DataService.swift */,
				B81BBC241E673C7000DB7D3B /* Style.swift */,
				B872F5611E789E9F00566704 /* Cache.swift */,
				31C5FDC81E82BC500021B003 /* LocationService.swift */,
			);
			name = Helpers;
			sourceTree = "<group>";
		};
		31580A6F1E5B600B00851FDD /* ViewControllers */ = {
			isa = PBXGroup;
			children = (
				311F96C11EB11E2B00C8C7CD /* viewStatusViewController.swift */,
				B8CFE6FD1E58BE2200F2E10F /* MainViewController.swift */,
				B8CFE7011E590BB700F2E10F /* ExtraInfoViewController.swift */,
				134C1D671E6F89500022A61E /* JoinGroupViewController.swift */,
				130868301E6F928A0011C6F9 /* CreateGroupViewController.swift */,
				398166D71E7FB32F00E87F6E /* CreateEventControllers */,
				3953D9121E81F2D30023372E /* DriverScreensControllers */,
				1308683A1E6F97D60011C6F9 /* GroupListControllers */,
				B84A43121E76DA8300A11D07 /* HubControllers */,
			);
			name = ViewControllers;
			sourceTree = "<group>";
		};
		31580A701E5B602A00851FDD /* PList */ = {
			isa = PBXGroup;
			children = (
				3F3832DF1E563C6D005E1B3D /* Info.plist */,
				3F3833021E563E73005E1B3D /* GoogleService-Info.plist */,
				B8288A251E97F4AA007D1DAD /* Cache.plist */,
			);
			name = PList;
			sourceTree = "<group>";
		};
		3953D9121E81F2D30023372E /* DriverScreensControllers */ = {
			isa = PBXGroup;
			children = (
				3953D9131E81F33D0023372E /* RiderInfoViewController.swift */,
			);
			name = DriverScreensControllers;
			sourceTree = "<group>";
		};
		398166D71E7FB32F00E87F6E /* CreateEventControllers */ = {
			isa = PBXGroup;
			children = (
				398166DA1E7FB54B00E87F6E /* CreateEventViewController.swift */,
				398166DC1E7FD5CD00E87F6E /* CreateEventFormViewController.swift */,
				398166DE1E80823300E87F6E /* SetDateAndTimeViewController.swift */,
				398166E01E80D0DA00E87F6E /* SelectDriverTableViewController.swift */,
			);
			name = CreateEventControllers;
			sourceTree = "<group>";
		};
		3E99EC84DDAE0D913FAF7F18 /* Pods */ = {
			isa = PBXGroup;
			children = (
				E137003D8862DF865A8AE3F9 /* Pods-DDDispatcher.debug.xcconfig */,
				80E488A980ED7217C4B57765 /* Pods-DDDispatcher.release.xcconfig */,
				5C7F224A1FC364DF2331B029 /* Pods-DDDispatcherTests.debug.xcconfig */,
				7B4850144023DE1CDE5EEEAE /* Pods-DDDispatcherTests.release.xcconfig */,
				0FD7B7EB9AC7F3AACD8B084F /* Pods-DDDispatcherUITests.debug.xcconfig */,
				1F094A9A3A6880D5B608836E /* Pods-DDDispatcherUITests.release.xcconfig */,
			);
			name = Pods;
			sourceTree = "<group>";
		};
		3F3832C71E563C6D005E1B3D = {
			isa = PBXGroup;
			children = (
				3F3832D21E563C6D005E1B3D /* DDDispatcher */,
				3F3832E71E563C6E005E1B3D /* DDDispatcherTests */,
				3F3832F21E563C6E005E1B3D /* DDDispatcherUITests */,
				3F3832D11E563C6D005E1B3D /* Products */,
				3E99EC84DDAE0D913FAF7F18 /* Pods */,
				8BAB30903C4EE41157CD1919 /* Frameworks */,
			);
			sourceTree = "<group>";
		};
		3F3832D11E563C6D005E1B3D /* Products */ = {
			isa = PBXGroup;
			children = (
				3F3832D01E563C6D005E1B3D /* DDDispatcher.app */,
				3F3832E41E563C6E005E1B3D /* DDDispatcherTests.xctest */,
				3F3832EF1E563C6E005E1B3D /* DDDispatcherUITests.xctest */,
			);
			name = Products;
			sourceTree = "<group>";
		};
		3F3832D21E563C6D005E1B3D /* DDDispatcher */ = {
			isa = PBXGroup;
			children = (
				3F3832D31E563C6D005E1B3D /* AppDelegate.swift */,
				31580A6F1E5B600B00851FDD /* ViewControllers */,
				134C1D6B1E6F8AE40022A61E /* Storyboards */,
				134C1D6C1E6F8AEF0022A61E /* Helpers */,
				31580A701E5B602A00851FDD /* PList */,
				3F3832DA1E563C6D005E1B3D /* Assets.xcassets */,
			);
			path = DDDispatcher;
			sourceTree = "<group>";
		};
		3F3832E71E563C6E005E1B3D /* DDDispatcherTests */ = {
			isa = PBXGroup;
			children = (
				3F3832E81E563C6E005E1B3D /* DDDispatcherTests.swift */,
				3F3832EA1E563C6E005E1B3D /* Info.plist */,
			);
			path = DDDispatcherTests;
			sourceTree = "<group>";
		};
		3F3832F21E563C6E005E1B3D /* DDDispatcherUITests */ = {
			isa = PBXGroup;
			children = (
				3F3832F31E563C6E005E1B3D /* DDDispatcherUITests.swift */,
				3F3832F51E563C6E005E1B3D /* Info.plist */,
			);
			path = DDDispatcherUITests;
			sourceTree = "<group>";
		};
		8BAB30903C4EE41157CD1919 /* Frameworks */ = {
			isa = PBXGroup;
			children = (
				B872F5691E7CA16300566704 /* CoreLocation.framework */,
				5F9467B053EA932CF671E5B6 /* Pods_DDDispatcher.framework */,
				49BE5BADE2763B6D00B3E1B1 /* Pods_DDDispatcherTests.framework */,
				015394A914135CF84E35DA8E /* Pods_DDDispatcherUITests.framework */,
			);
			name = Frameworks;
			sourceTree = "<group>";
		};
		B84A43121E76DA8300A11D07 /* HubControllers */ = {
			isa = PBXGroup;
			children = (
				B8B0E09F1E59206800A7339B /* HubViewController.swift */,
				B84A43131E76DAAD00A11D07 /* MenuViewController.swift */,
				B82612D71E77118600A39DFC /* CustomSideMenuController.swift */,
				B82612DA1E774EB100A39DFC /* CustomTableViewCell.swift */,
				B829EA321E7F67B8007213D5 /* RideConfirmationViewController.swift */,
			);
			name = HubControllers;
			sourceTree = "<group>";
		};
/* End PBXGroup section */

/* Begin PBXNativeTarget section */
		3F3832CF1E563C6D005E1B3D /* DDDispatcher */ = {
			isa = PBXNativeTarget;
			buildConfigurationList = 3F3832F81E563C6E005E1B3D /* Build configuration list for PBXNativeTarget "DDDispatcher" */;
			buildPhases = (
				8FA22C611DF6AADDB82E3712 /* [CP] Check Pods Manifest.lock */,
				3F3832CC1E563C6D005E1B3D /* Sources */,
				3F3832CD1E563C6D005E1B3D /* Frameworks */,
				3F3832CE1E563C6D005E1B3D /* Resources */,
				8EC9D28735718DEB209F7819 /* [CP] Embed Pods Frameworks */,
				A9A627988C295DDA95F8C691 /* [CP] Copy Pods Resources */,
			);
			buildRules = (
			);
			dependencies = (
			);
			name = DDDispatcher;
			productName = DDDispatcher;
			productReference = 3F3832D01E563C6D005E1B3D /* DDDispatcher.app */;
			productType = "com.apple.product-type.application";
		};
		3F3832E31E563C6E005E1B3D /* DDDispatcherTests */ = {
			isa = PBXNativeTarget;
			buildConfigurationList = 3F3832FB1E563C6E005E1B3D /* Build configuration list for PBXNativeTarget "DDDispatcherTests" */;
			buildPhases = (
				A5E09B7110B1D9B5C62B193C /* [CP] Check Pods Manifest.lock */,
				3F3832E01E563C6E005E1B3D /* Sources */,
				3F3832E11E563C6E005E1B3D /* Frameworks */,
				3F3832E21E563C6E005E1B3D /* Resources */,
				9689185CDB95780FC481A53F /* [CP] Embed Pods Frameworks */,
				8AFA91CB1D0EB9698E861871 /* [CP] Copy Pods Resources */,
			);
			buildRules = (
			);
			dependencies = (
				3F3832E61E563C6E005E1B3D /* PBXTargetDependency */,
			);
			name = DDDispatcherTests;
			productName = DDDispatcherTests;
			productReference = 3F3832E41E563C6E005E1B3D /* DDDispatcherTests.xctest */;
			productType = "com.apple.product-type.bundle.unit-test";
		};
		3F3832EE1E563C6E005E1B3D /* DDDispatcherUITests */ = {
			isa = PBXNativeTarget;
			buildConfigurationList = 3F3832FE1E563C6E005E1B3D /* Build configuration list for PBXNativeTarget "DDDispatcherUITests" */;
			buildPhases = (
				0EAE12043ABA05A585B7A09F /* [CP] Check Pods Manifest.lock */,
				3F3832EB1E563C6E005E1B3D /* Sources */,
				3F3832EC1E563C6E005E1B3D /* Frameworks */,
				3F3832ED1E563C6E005E1B3D /* Resources */,
				594D51FAFF3C2F9BB28BB76A /* [CP] Embed Pods Frameworks */,
				DC21A16BE25E87006CB079F5 /* [CP] Copy Pods Resources */,
			);
			buildRules = (
			);
			dependencies = (
				3F3832F11E563C6E005E1B3D /* PBXTargetDependency */,
			);
			name = DDDispatcherUITests;
			productName = DDDispatcherUITests;
			productReference = 3F3832EF1E563C6E005E1B3D /* DDDispatcherUITests.xctest */;
			productType = "com.apple.product-type.bundle.ui-testing";
		};
/* End PBXNativeTarget section */

/* Begin PBXProject section */
		3F3832C81E563C6D005E1B3D /* Project object */ = {
			isa = PBXProject;
			attributes = {
				LastSwiftUpdateCheck = 0820;
				LastUpgradeCheck = 0820;
				ORGANIZATIONNAME = "DD Dispatcher";
				TargetAttributes = {
					3F3832CF1E563C6D005E1B3D = {
						CreatedOnToolsVersion = 8.2.1;
						DevelopmentTeam = YGQE633MDX;
						ProvisioningStyle = Automatic;
					};
					3F3832E31E563C6E005E1B3D = {
						CreatedOnToolsVersion = 8.2.1;
						ProvisioningStyle = Automatic;
						TestTargetID = 3F3832CF1E563C6D005E1B3D;
					};
					3F3832EE1E563C6E005E1B3D = {
						CreatedOnToolsVersion = 8.2.1;
						DevelopmentTeam = U3465V32BF;
						ProvisioningStyle = Automatic;
						TestTargetID = 3F3832CF1E563C6D005E1B3D;
					};
				};
			};
			buildConfigurationList = 3F3832CB1E563C6D005E1B3D /* Build configuration list for PBXProject "DDDispatcher" */;
			compatibilityVersion = "Xcode 3.2";
			developmentRegion = English;
			hasScannedForEncodings = 0;
			knownRegions = (
				en,
				Base,
			);
			mainGroup = 3F3832C71E563C6D005E1B3D;
			productRefGroup = 3F3832D11E563C6D005E1B3D /* Products */;
			projectDirPath = "";
			projectRoot = "";
			targets = (
				3F3832CF1E563C6D005E1B3D /* DDDispatcher */,
				3F3832E31E563C6E005E1B3D /* DDDispatcherTests */,
				3F3832EE1E563C6E005E1B3D /* DDDispatcherUITests */,
			);
		};
/* End PBXProject section */

/* Begin PBXResourcesBuildPhase section */
		3F3832CE1E563C6D005E1B3D /* Resources */ = {
			isa = PBXResourcesBuildPhase;
			buildActionMask = 2147483647;
			files = (
				130868331E6F92F20011C6F9 /* CreateGroup.storyboard in Resources */,
				311F96C01EB11E2500C8C7CD /* viewRide.storyboard in Resources */,
				B8288A261E97F4AA007D1DAD /* Cache.plist in Resources */,
				1308683C1E6F9B060011C6F9 /* GroupListAndInfo.storyboard in Resources */,
				3F3832DE1E563C6D005E1B3D /* LaunchScreen.storyboard in Resources */,
				B73EC9B41E9C5A4100DB4FBB /* CreateEvent.storyboard in Resources */,
				134C1D6A1E6F89890022A61E /* JoinGroup.storyboard in Resources */,
				B84A43181E76DB1B00A11D07 /* Hub.storyboard in Resources */,
				3931ADC71E81EB2400EE0F44 /* DriverScreens.storyboard in Resources */,
				3F3833031E563E73005E1B3D /* GoogleService-Info.plist in Resources */,
				3F3832DB1E563C6D005E1B3D /* Assets.xcassets in Resources */,
				3F3832D91E563C6D005E1B3D /* Main.storyboard in Resources */,
			);
			runOnlyForDeploymentPostprocessing = 0;
		};
		3F3832E21E563C6E005E1B3D /* Resources */ = {
			isa = PBXResourcesBuildPhase;
			buildActionMask = 2147483647;
			files = (
			);
			runOnlyForDeploymentPostprocessing = 0;
		};
		3F3832ED1E563C6E005E1B3D /* Resources */ = {
			isa = PBXResourcesBuildPhase;
			buildActionMask = 2147483647;
			files = (
			);
			runOnlyForDeploymentPostprocessing = 0;
		};
/* End PBXResourcesBuildPhase section */

/* Begin PBXShellScriptBuildPhase section */
		0EAE12043ABA05A585B7A09F /* [CP] Check Pods Manifest.lock */ = {
			isa = PBXShellScriptBuildPhase;
			buildActionMask = 2147483647;
			files = (
			);
			inputPaths = (
			);
			name = "[CP] Check Pods Manifest.lock";
			outputPaths = (
			);
			runOnlyForDeploymentPostprocessing = 0;
			shellPath = /bin/sh;
			shellScript = "diff \"${PODS_PODFILE_DIR_PATH}/Podfile.lock\" \"${PODS_ROOT}/Manifest.lock\" > /dev/null\nif [ $? != 0 ] ; then\n    # print error to STDERR\n    echo \"error: The sandbox is not in sync with the Podfile.lock. Run 'pod install' or update your CocoaPods installation.\" >&2\n    exit 1\nfi\n";
			showEnvVarsInLog = 0;
		};
		594D51FAFF3C2F9BB28BB76A /* [CP] Embed Pods Frameworks */ = {
			isa = PBXShellScriptBuildPhase;
			buildActionMask = 2147483647;
			files = (
			);
			inputPaths = (
			);
			name = "[CP] Embed Pods Frameworks";
			outputPaths = (
			);
			runOnlyForDeploymentPostprocessing = 0;
			shellPath = /bin/sh;
			shellScript = "\"${SRCROOT}/Pods/Target Support Files/Pods-DDDispatcherUITests/Pods-DDDispatcherUITests-frameworks.sh\"\n";
			showEnvVarsInLog = 0;
		};
		8AFA91CB1D0EB9698E861871 /* [CP] Copy Pods Resources */ = {
			isa = PBXShellScriptBuildPhase;
			buildActionMask = 2147483647;
			files = (
			);
			inputPaths = (
			);
			name = "[CP] Copy Pods Resources";
			outputPaths = (
			);
			runOnlyForDeploymentPostprocessing = 0;
			shellPath = /bin/sh;
			shellScript = "\"${SRCROOT}/Pods/Target Support Files/Pods-DDDispatcherTests/Pods-DDDispatcherTests-resources.sh\"\n";
			showEnvVarsInLog = 0;
		};
		8EC9D28735718DEB209F7819 /* [CP] Embed Pods Frameworks */ = {
			isa = PBXShellScriptBuildPhase;
			buildActionMask = 2147483647;
			files = (
			);
			inputPaths = (
			);
			name = "[CP] Embed Pods Frameworks";
			outputPaths = (
			);
			runOnlyForDeploymentPostprocessing = 0;
			shellPath = /bin/sh;
			shellScript = "\"${SRCROOT}/Pods/Target Support Files/Pods-DDDispatcher/Pods-DDDispatcher-frameworks.sh\"\n";
			showEnvVarsInLog = 0;
		};
		8FA22C611DF6AADDB82E3712 /* [CP] Check Pods Manifest.lock */ = {
			isa = PBXShellScriptBuildPhase;
			buildActionMask = 2147483647;
			files = (
			);
			inputPaths = (
			);
			name = "[CP] Check Pods Manifest.lock";
			outputPaths = (
			);
			runOnlyForDeploymentPostprocessing = 0;
			shellPath = /bin/sh;
			shellScript = "diff \"${PODS_PODFILE_DIR_PATH}/Podfile.lock\" \"${PODS_ROOT}/Manifest.lock\" > /dev/null\nif [ $? != 0 ] ; then\n    # print error to STDERR\n    echo \"error: The sandbox is not in sync with the Podfile.lock. Run 'pod install' or update your CocoaPods installation.\" >&2\n    exit 1\nfi\n";
			showEnvVarsInLog = 0;
		};
		9689185CDB95780FC481A53F /* [CP] Embed Pods Frameworks */ = {
			isa = PBXShellScriptBuildPhase;
			buildActionMask = 2147483647;
			files = (
			);
			inputPaths = (
			);
			name = "[CP] Embed Pods Frameworks";
			outputPaths = (
			);
			runOnlyForDeploymentPostprocessing = 0;
			shellPath = /bin/sh;
			shellScript = "\"${SRCROOT}/Pods/Target Support Files/Pods-DDDispatcherTests/Pods-DDDispatcherTests-frameworks.sh\"\n";
			showEnvVarsInLog = 0;
		};
		A5E09B7110B1D9B5C62B193C /* [CP] Check Pods Manifest.lock */ = {
			isa = PBXShellScriptBuildPhase;
			buildActionMask = 2147483647;
			files = (
			);
			inputPaths = (
			);
			name = "[CP] Check Pods Manifest.lock";
			outputPaths = (
			);
			runOnlyForDeploymentPostprocessing = 0;
			shellPath = /bin/sh;
			shellScript = "diff \"${PODS_PODFILE_DIR_PATH}/Podfile.lock\" \"${PODS_ROOT}/Manifest.lock\" > /dev/null\nif [ $? != 0 ] ; then\n    # print error to STDERR\n    echo \"error: The sandbox is not in sync with the Podfile.lock. Run 'pod install' or update your CocoaPods installation.\" >&2\n    exit 1\nfi\n";
			showEnvVarsInLog = 0;
		};
		A9A627988C295DDA95F8C691 /* [CP] Copy Pods Resources */ = {
			isa = PBXShellScriptBuildPhase;
			buildActionMask = 2147483647;
			files = (
			);
			inputPaths = (
			);
			name = "[CP] Copy Pods Resources";
			outputPaths = (
			);
			runOnlyForDeploymentPostprocessing = 0;
			shellPath = /bin/sh;
			shellScript = "\"${SRCROOT}/Pods/Target Support Files/Pods-DDDispatcher/Pods-DDDispatcher-resources.sh\"\n";
			showEnvVarsInLog = 0;
		};
		DC21A16BE25E87006CB079F5 /* [CP] Copy Pods Resources */ = {
			isa = PBXShellScriptBuildPhase;
			buildActionMask = 2147483647;
			files = (
			);
			inputPaths = (
			);
			name = "[CP] Copy Pods Resources";
			outputPaths = (
			);
			runOnlyForDeploymentPostprocessing = 0;
			shellPath = /bin/sh;
			shellScript = "\"${SRCROOT}/Pods/Target Support Files/Pods-DDDispatcherUITests/Pods-DDDispatcherUITests-resources.sh\"\n";
			showEnvVarsInLog = 0;
		};
/* End PBXShellScriptBuildPhase section */

/* Begin PBXSourcesBuildPhase section */
		3F3832CC1E563C6D005E1B3D /* Sources */ = {
			isa = PBXSourcesBuildPhase;
			buildActionMask = 2147483647;
			files = (
				B8B0E0A01E59206800A7339B /* HubViewController.swift in Sources */,
				B872F5621E789E9F00566704 /* Cache.swift in Sources */,
				B8CFE7021E590BB700F2E10F /* ExtraInfoViewController.swift in Sources */,
				130868371E6F97390011C6F9 /* GroupInfoViewController.swift in Sources */,
				398166E11E80D0DA00E87F6E /* SelectDriverTableViewController.swift in Sources */,
				B82612D81E77118600A39DFC /* CustomSideMenuController.swift in Sources */,
				B829EA331E7F67B8007213D5 /* RideConfirmationViewController.swift in Sources */,
				130868391E6F97A00011C6F9 /* GroupNameTableViewCell.swift in Sources */,
				130868311E6F928A0011C6F9 /* CreateGroupViewController.swift in Sources */,
				130868351E6F97100011C6F9 /* GroupListViewController.swift in Sources */,
				398166DF1E80823300E87F6E /* SetDateAndTimeViewController.swift in Sources */,
				B8CFE6FE1E58BE2200F2E10F /* MainViewController.swift in Sources */,
				3953D9141E81F33D0023372E /* RiderInfoViewController.swift in Sources */,
				B84A43141E76DAAD00A11D07 /* MenuViewController.swift in Sources */,
				31C5FDC91E82BC500021B003 /* LocationService.swift in Sources */,
				B820AA1E1E67A187008FBA91 /* DataService.swift in Sources */,
				398166DB1E7FB54B00E87F6E /* CreateEventViewController.swift in Sources */,
				B82612DB1E774EB100A39DFC /* CustomTableViewCell.swift in Sources */,
				3F3832D41E563C6D005E1B3D /* AppDelegate.swift in Sources */,
				398166DD1E7FD5CD00E87F6E /* CreateEventFormViewController.swift in Sources */,
				134C1D681E6F89500022A61E /* JoinGroupViewController.swift in Sources */,
				311F96C21EB11E2B00C8C7CD /* viewStatusViewController.swift in Sources */,
				B81BBC251E673C7000DB7D3B /* Style.swift in Sources */,
			);
			runOnlyForDeploymentPostprocessing = 0;
		};
		3F3832E01E563C6E005E1B3D /* Sources */ = {
			isa = PBXSourcesBuildPhase;
			buildActionMask = 2147483647;
			files = (
				3F3832E91E563C6E005E1B3D /* DDDispatcherTests.swift in Sources */,
			);
			runOnlyForDeploymentPostprocessing = 0;
		};
		3F3832EB1E563C6E005E1B3D /* Sources */ = {
			isa = PBXSourcesBuildPhase;
			buildActionMask = 2147483647;
			files = (
				3F3832F41E563C6E005E1B3D /* DDDispatcherUITests.swift in Sources */,
			);
			runOnlyForDeploymentPostprocessing = 0;
		};
/* End PBXSourcesBuildPhase section */

/* Begin PBXTargetDependency section */
		3F3832E61E563C6E005E1B3D /* PBXTargetDependency */ = {
			isa = PBXTargetDependency;
			target = 3F3832CF1E563C6D005E1B3D /* DDDispatcher */;
			targetProxy = 3F3832E51E563C6E005E1B3D /* PBXContainerItemProxy */;
		};
		3F3832F11E563C6E005E1B3D /* PBXTargetDependency */ = {
			isa = PBXTargetDependency;
			target = 3F3832CF1E563C6D005E1B3D /* DDDispatcher */;
			targetProxy = 3F3832F01E563C6E005E1B3D /* PBXContainerItemProxy */;
		};
/* End PBXTargetDependency section */

/* Begin PBXVariantGroup section */
		3F3832D71E563C6D005E1B3D /* Main.storyboard */ = {
			isa = PBXVariantGroup;
			children = (
				3F3832D81E563C6D005E1B3D /* Base */,
			);
			name = Main.storyboard;
			sourceTree = "<group>";
		};
		3F3832DC1E563C6D005E1B3D /* LaunchScreen.storyboard */ = {
			isa = PBXVariantGroup;
			children = (
				3F3832DD1E563C6D005E1B3D /* Base */,
			);
			name = LaunchScreen.storyboard;
			sourceTree = "<group>";
		};
/* End PBXVariantGroup section */

/* Begin XCBuildConfiguration section */
		3F3832F61E563C6E005E1B3D /* Debug */ = {
			isa = XCBuildConfiguration;
			buildSettings = {
				ALWAYS_SEARCH_USER_PATHS = NO;
				CLANG_ANALYZER_NONNULL = YES;
				CLANG_CXX_LANGUAGE_STANDARD = "gnu++0x";
				CLANG_CXX_LIBRARY = "libc++";
				CLANG_ENABLE_MODULES = YES;
				CLANG_ENABLE_OBJC_ARC = YES;
				CLANG_WARN_BOOL_CONVERSION = YES;
				CLANG_WARN_CONSTANT_CONVERSION = YES;
				CLANG_WARN_DIRECT_OBJC_ISA_USAGE = YES_ERROR;
				CLANG_WARN_DOCUMENTATION_COMMENTS = YES;
				CLANG_WARN_EMPTY_BODY = YES;
				CLANG_WARN_ENUM_CONVERSION = YES;
				CLANG_WARN_INFINITE_RECURSION = YES;
				CLANG_WARN_INT_CONVERSION = YES;
				CLANG_WARN_OBJC_ROOT_CLASS = YES_ERROR;
				CLANG_WARN_SUSPICIOUS_MOVE = YES;
				CLANG_WARN_UNREACHABLE_CODE = YES;
				CLANG_WARN__DUPLICATE_METHOD_MATCH = YES;
				"CODE_SIGN_IDENTITY[sdk=iphoneos*]" = "iPhone Developer";
				COPY_PHASE_STRIP = NO;
				DEBUG_INFORMATION_FORMAT = dwarf;
				ENABLE_STRICT_OBJC_MSGSEND = YES;
				ENABLE_TESTABILITY = YES;
				GCC_C_LANGUAGE_STANDARD = gnu99;
				GCC_DYNAMIC_NO_PIC = NO;
				GCC_NO_COMMON_BLOCKS = YES;
				GCC_OPTIMIZATION_LEVEL = 0;
				GCC_PREPROCESSOR_DEFINITIONS = (
					"DEBUG=1",
					"$(inherited)",
				);
				GCC_WARN_64_TO_32_BIT_CONVERSION = YES;
				GCC_WARN_ABOUT_RETURN_TYPE = YES_ERROR;
				GCC_WARN_UNDECLARED_SELECTOR = YES;
				GCC_WARN_UNINITIALIZED_AUTOS = YES_AGGRESSIVE;
				GCC_WARN_UNUSED_FUNCTION = YES;
				GCC_WARN_UNUSED_VARIABLE = YES;
				IPHONEOS_DEPLOYMENT_TARGET = 10.2;
				MTL_ENABLE_DEBUG_INFO = YES;
				ONLY_ACTIVE_ARCH = YES;
				SDKROOT = iphoneos;
				SWIFT_ACTIVE_COMPILATION_CONDITIONS = DEBUG;
				SWIFT_OPTIMIZATION_LEVEL = "-Onone";
				TARGETED_DEVICE_FAMILY = "1,2";
			};
			name = Debug;
		};
		3F3832F71E563C6E005E1B3D /* Release */ = {
			isa = XCBuildConfiguration;
			buildSettings = {
				ALWAYS_SEARCH_USER_PATHS = NO;
				CLANG_ANALYZER_NONNULL = YES;
				CLANG_CXX_LANGUAGE_STANDARD = "gnu++0x";
				CLANG_CXX_LIBRARY = "libc++";
				CLANG_ENABLE_MODULES = YES;
				CLANG_ENABLE_OBJC_ARC = YES;
				CLANG_WARN_BOOL_CONVERSION = YES;
				CLANG_WARN_CONSTANT_CONVERSION = YES;
				CLANG_WARN_DIRECT_OBJC_ISA_USAGE = YES_ERROR;
				CLANG_WARN_DOCUMENTATION_COMMENTS = YES;
				CLANG_WARN_EMPTY_BODY = YES;
				CLANG_WARN_ENUM_CONVERSION = YES;
				CLANG_WARN_INFINITE_RECURSION = YES;
				CLANG_WARN_INT_CONVERSION = YES;
				CLANG_WARN_OBJC_ROOT_CLASS = YES_ERROR;
				CLANG_WARN_SUSPICIOUS_MOVE = YES;
				CLANG_WARN_UNREACHABLE_CODE = YES;
				CLANG_WARN__DUPLICATE_METHOD_MATCH = YES;
				"CODE_SIGN_IDENTITY[sdk=iphoneos*]" = "iPhone Developer";
				COPY_PHASE_STRIP = NO;
				DEBUG_INFORMATION_FORMAT = "dwarf-with-dsym";
				ENABLE_NS_ASSERTIONS = NO;
				ENABLE_STRICT_OBJC_MSGSEND = YES;
				GCC_C_LANGUAGE_STANDARD = gnu99;
				GCC_NO_COMMON_BLOCKS = YES;
				GCC_WARN_64_TO_32_BIT_CONVERSION = YES;
				GCC_WARN_ABOUT_RETURN_TYPE = YES_ERROR;
				GCC_WARN_UNDECLARED_SELECTOR = YES;
				GCC_WARN_UNINITIALIZED_AUTOS = YES_AGGRESSIVE;
				GCC_WARN_UNUSED_FUNCTION = YES;
				GCC_WARN_UNUSED_VARIABLE = YES;
				IPHONEOS_DEPLOYMENT_TARGET = 10.2;
				MTL_ENABLE_DEBUG_INFO = NO;
				SDKROOT = iphoneos;
				SWIFT_OPTIMIZATION_LEVEL = "-Owholemodule";
				TARGETED_DEVICE_FAMILY = "1,2";
				VALIDATE_PRODUCT = YES;
			};
			name = Release;
		};
		3F3832F91E563C6E005E1B3D /* Debug */ = {
			isa = XCBuildConfiguration;
			baseConfigurationReference = E137003D8862DF865A8AE3F9 /* Pods-DDDispatcher.debug.xcconfig */;
			buildSettings = {
				ASSETCATALOG_COMPILER_APPICON_NAME = AppIcon;
				DEVELOPMENT_TEAM = YGQE633MDX;
				INFOPLIST_FILE = DDDispatcher/Info.plist;
				IPHONEOS_DEPLOYMENT_TARGET = 9.0;
				LD_RUNPATH_SEARCH_PATHS = "$(inherited) @executable_path/Frameworks";
				PRODUCT_BUNDLE_IDENTIFIER = com.kmustahsan.DDDispatcher;
				PRODUCT_NAME = "$(TARGET_NAME)";
				SWIFT_VERSION = 3.0;
			};
			name = Debug;
		};
		3F3832FA1E563C6E005E1B3D /* Release */ = {
			isa = XCBuildConfiguration;
			baseConfigurationReference = 80E488A980ED7217C4B57765 /* Pods-DDDispatcher.release.xcconfig */;
			buildSettings = {
				ASSETCATALOG_COMPILER_APPICON_NAME = AppIcon;
				DEVELOPMENT_TEAM = YGQE633MDX;
				INFOPLIST_FILE = DDDispatcher/Info.plist;
				IPHONEOS_DEPLOYMENT_TARGET = 9.0;
				LD_RUNPATH_SEARCH_PATHS = "$(inherited) @executable_path/Frameworks";
				PRODUCT_BUNDLE_IDENTIFIER = com.kmustahsan.DDDispatcher;
				PRODUCT_NAME = "$(TARGET_NAME)";
				SWIFT_VERSION = 3.0;
			};
			name = Release;
		};
		3F3832FC1E563C6E005E1B3D /* Debug */ = {
			isa = XCBuildConfiguration;
			baseConfigurationReference = 5C7F224A1FC364DF2331B029 /* Pods-DDDispatcherTests.debug.xcconfig */;
			buildSettings = {
				ALWAYS_EMBED_SWIFT_STANDARD_LIBRARIES = YES;
				BUNDLE_LOADER = "$(TEST_HOST)";
				INFOPLIST_FILE = DDDispatcherTests/Info.plist;
				LD_RUNPATH_SEARCH_PATHS = "$(inherited) @executable_path/Frameworks @loader_path/Frameworks";
				PRODUCT_BUNDLE_IDENTIFIER = com.kmustahsan.DDDispatcherTests;
				PRODUCT_NAME = "$(TARGET_NAME)";
				SWIFT_VERSION = 3.0;
				TEST_HOST = "$(BUILT_PRODUCTS_DIR)/DDDispatcher.app/DDDispatcher";
			};
			name = Debug;
		};
		3F3832FD1E563C6E005E1B3D /* Release */ = {
			isa = XCBuildConfiguration;
			baseConfigurationReference = 7B4850144023DE1CDE5EEEAE /* Pods-DDDispatcherTests.release.xcconfig */;
			buildSettings = {
				ALWAYS_EMBED_SWIFT_STANDARD_LIBRARIES = YES;
				BUNDLE_LOADER = "$(TEST_HOST)";
				INFOPLIST_FILE = DDDispatcherTests/Info.plist;
				LD_RUNPATH_SEARCH_PATHS = "$(inherited) @executable_path/Frameworks @loader_path/Frameworks";
				PRODUCT_BUNDLE_IDENTIFIER = com.kmustahsan.DDDispatcherTests;
				PRODUCT_NAME = "$(TARGET_NAME)";
				SWIFT_VERSION = 3.0;
				TEST_HOST = "$(BUILT_PRODUCTS_DIR)/DDDispatcher.app/DDDispatcher";
			};
			name = Release;
		};
		3F3832FF1E563C6E005E1B3D /* Debug */ = {
			isa = XCBuildConfiguration;
			baseConfigurationReference = 0FD7B7EB9AC7F3AACD8B084F /* Pods-DDDispatcherUITests.debug.xcconfig */;
			buildSettings = {
				ALWAYS_EMBED_SWIFT_STANDARD_LIBRARIES = YES;
				DEVELOPMENT_TEAM = U3465V32BF;
				INFOPLIST_FILE = DDDispatcherUITests/Info.plist;
				LD_RUNPATH_SEARCH_PATHS = "$(inherited) @executable_path/Frameworks @loader_path/Frameworks";
				PRODUCT_BUNDLE_IDENTIFIER = com.kmustahsan.DDDispatcherUITests;
				PRODUCT_NAME = "$(TARGET_NAME)";
				SWIFT_VERSION = 3.0;
				TEST_TARGET_NAME = DDDispatcher;
			};
			name = Debug;
		};
		3F3833001E563C6E005E1B3D /* Release */ = {
			isa = XCBuildConfiguration;
			baseConfigurationReference = 1F094A9A3A6880D5B608836E /* Pods-DDDispatcherUITests.release.xcconfig */;
			buildSettings = {
				ALWAYS_EMBED_SWIFT_STANDARD_LIBRARIES = YES;
				DEVELOPMENT_TEAM = U3465V32BF;
				INFOPLIST_FILE = DDDispatcherUITests/Info.plist;
				LD_RUNPATH_SEARCH_PATHS = "$(inherited) @executable_path/Frameworks @loader_path/Frameworks";
				PRODUCT_BUNDLE_IDENTIFIER = com.kmustahsan.DDDispatcherUITests;
				PRODUCT_NAME = "$(TARGET_NAME)";
				SWIFT_VERSION = 3.0;
				TEST_TARGET_NAME = DDDispatcher;
			};
			name = Release;
		};
/* End XCBuildConfiguration section */

/* Begin XCConfigurationList section */
		3F3832CB1E563C6D005E1B3D /* Build configuration list for PBXProject "DDDispatcher" */ = {
			isa = XCConfigurationList;
			buildConfigurations = (
				3F3832F61E563C6E005E1B3D /* Debug */,
				3F3832F71E563C6E005E1B3D /* Release */,
			);
			defaultConfigurationIsVisible = 0;
			defaultConfigurationName = Release;
		};
		3F3832F81E563C6E005E1B3D /* Build configuration list for PBXNativeTarget "DDDispatcher" */ = {
			isa = XCConfigurationList;
			buildConfigurations = (
				3F3832F91E563C6E005E1B3D /* Debug */,
				3F3832FA1E563C6E005E1B3D /* Release */,
			);
			defaultConfigurationIsVisible = 0;
			defaultConfigurationName = Release;
		};
		3F3832FB1E563C6E005E1B3D /* Build configuration list for PBXNativeTarget "DDDispatcherTests" */ = {
			isa = XCConfigurationList;
			buildConfigurations = (
				3F3832FC1E563C6E005E1B3D /* Debug */,
				3F3832FD1E563C6E005E1B3D /* Release */,
			);
			defaultConfigurationIsVisible = 0;
			defaultConfigurationName = Release;
		};
		3F3832FE1E563C6E005E1B3D /* Build configuration list for PBXNativeTarget "DDDispatcherUITests" */ = {
			isa = XCConfigurationList;
			buildConfigurations = (
				3F3832FF1E563C6E005E1B3D /* Debug */,
				3F3833001E563C6E005E1B3D /* Release */,
			);
			defaultConfigurationIsVisible = 0;
			defaultConfigurationName = Release;
		};
/* End XCConfigurationList section */
	};
	rootObject = 3F3832C81E563C6D005E1B3D /* Project object */;
}
